// !$*UTF8*$!
{
	archiveVersion = 1;
	classes = {
	};
	objectVersion = 46;
	objects = {

/* Begin PBXBuildFile section */
		4204B2921F7E75A500E92E09 /* RNSkyWayPeerManager.m in Sources */ = {isa = PBXBuildFile; fileRef = 4204B2911F7E75A500E92E09 /* RNSkyWayPeerManager.m */; };
		4204B2941F829C8F00E92E09 /* RNSkyWayPeer.m in Sources */ = {isa = PBXBuildFile; fileRef = 4204B2931F829C8F00E92E09 /* RNSkyWayPeer.m */; };
		4204B2B91F8484D800E92E09 /* RNSkyWayRemoteVideoManager.m in Sources */ = {isa = PBXBuildFile; fileRef = 4204B2B81F8484D700E92E09 /* RNSkyWayRemoteVideoManager.m */; };
		42C727871F7CE7B5009E1C5F /* RNSkyWayLocalVideoManager.m in Sources */ = {isa = PBXBuildFile; fileRef = 42C727861F7CE7B5009E1C5F /* RNSkyWayLocalVideoManager.m */; };
/* End PBXBuildFile section */

/* Begin PBXCopyFilesBuildPhase section */
		58B511D91A9E6C8500147676 /* CopyFiles */ = {
			isa = PBXCopyFilesBuildPhase;
			buildActionMask = 2147483647;
			dstPath = "include/$(PRODUCT_NAME)";
			dstSubfolderSpec = 16;
			files = (
			);
			runOnlyForDeploymentPostprocessing = 0;
		};
/* End PBXCopyFilesBuildPhase section */

/* Begin PBXFileReference section */
		134814201AA4EA6300B7C361 /* libRNSkyWay.a */ = {isa = PBXFileReference; explicitFileType = archive.ar; includeInIndex = 0; path = libRNSkyWay.a; sourceTree = BUILT_PRODUCTS_DIR; };
		4204B2901F7E757500E92E09 /* RNSkyWayPeerManager.h */ = {isa = PBXFileReference; lastKnownFileType = sourcecode.c.h; path = RNSkyWayPeerManager.h; sourceTree = "<group>"; };
		4204B2911F7E75A500E92E09 /* RNSkyWayPeerManager.m */ = {isa = PBXFileReference; lastKnownFileType = sourcecode.c.objc; path = RNSkyWayPeerManager.m; sourceTree = "<group>"; };
		4204B2931F829C8F00E92E09 /* RNSkyWayPeer.m */ = {isa = PBXFileReference; lastKnownFileType = sourcecode.c.objc; path = RNSkyWayPeer.m; sourceTree = "<group>"; };
		4204B2951F829CA200E92E09 /* RNSkyWayPeer.h */ = {isa = PBXFileReference; lastKnownFileType = sourcecode.c.h; path = RNSkyWayPeer.h; sourceTree = "<group>"; };
		4204B2961F8362A000E92E09 /* RNSkyWayPeerDelegate.h */ = {isa = PBXFileReference; lastKnownFileType = sourcecode.c.h; path = RNSkyWayPeerDelegate.h; sourceTree = "<group>"; };
		4204B2B71F8484C100E92E09 /* RNSkyWayRemoteVideoManager.h */ = {isa = PBXFileReference; lastKnownFileType = sourcecode.c.h; path = RNSkyWayRemoteVideoManager.h; sourceTree = "<group>"; };
		4204B2B81F8484D700E92E09 /* RNSkyWayRemoteVideoManager.m */ = {isa = PBXFileReference; lastKnownFileType = sourcecode.c.objc; path = RNSkyWayRemoteVideoManager.m; sourceTree = "<group>"; };
		42C727861F7CE7B5009E1C5F /* RNSkyWayLocalVideoManager.m */ = {isa = PBXFileReference; lastKnownFileType = sourcecode.c.objc; path = RNSkyWayLocalVideoManager.m; sourceTree = "<group>"; };
		42C727881F7CE7C9009E1C5F /* RNSkyWayLocalVideoManager.h */ = {isa = PBXFileReference; lastKnownFileType = sourcecode.c.h; path = RNSkyWayLocalVideoManager.h; sourceTree = "<group>"; };
/* End PBXFileReference section */

/* Begin PBXFrameworksBuildPhase section */
		58B511D81A9E6C8500147676 /* Frameworks */ = {
			isa = PBXFrameworksBuildPhase;
			buildActionMask = 2147483647;
			files = (
			);
			runOnlyForDeploymentPostprocessing = 0;
		};
/* End PBXFrameworksBuildPhase section */

/* Begin PBXGroup section */
		134814211AA4EA7D00B7C361 /* Products */ = {
			isa = PBXGroup;
			children = (
				134814201AA4EA6300B7C361 /* libRNSkyWay.a */,
			);
			name = Products;
			sourceTree = "<group>";
		};
		58B511D21A9E6C8500147676 = {
			isa = PBXGroup;
			children = (
				4204B2961F8362A000E92E09 /* RNSkyWayPeerDelegate.h */,
				4204B2951F829CA200E92E09 /* RNSkyWayPeer.h */,
				4204B2931F829C8F00E92E09 /* RNSkyWayPeer.m */,
				4204B2901F7E757500E92E09 /* RNSkyWayPeerManager.h */,
				4204B2911F7E75A500E92E09 /* RNSkyWayPeerManager.m */,
				42C727881F7CE7C9009E1C5F /* RNSkyWayLocalVideoManager.h */,
				42C727861F7CE7B5009E1C5F /* RNSkyWayLocalVideoManager.m */,
				4204B2B71F8484C100E92E09 /* RNSkyWayRemoteVideoManager.h */,
				4204B2B81F8484D700E92E09 /* RNSkyWayRemoteVideoManager.m */,
				134814211AA4EA7D00B7C361 /* Products */,
			);
			sourceTree = "<group>";
		};
/* End PBXGroup section */

/* Begin PBXNativeTarget section */
		58B511DA1A9E6C8500147676 /* RNSkyWay */ = {
			isa = PBXNativeTarget;
			buildConfigurationList = 58B511EF1A9E6C8500147676 /* Build configuration list for PBXNativeTarget "RNSkyWay" */;
			buildPhases = (
				58B511D71A9E6C8500147676 /* Sources */,
				58B511D81A9E6C8500147676 /* Frameworks */,
				58B511D91A9E6C8500147676 /* CopyFiles */,
			);
			buildRules = (
			);
			dependencies = (
			);
			name = RNSkyWay;
			productName = RCTDataManager;
			productReference = 134814201AA4EA6300B7C361 /* libRNSkyWay.a */;
			productType = "com.apple.product-type.library.static";
		};
/* End PBXNativeTarget section */

/* Begin PBXProject section */
		58B511D31A9E6C8500147676 /* Project object */ = {
			isa = PBXProject;
			attributes = {
				LastUpgradeCheck = 0830;
				ORGANIZATIONNAME = Micin;
				TargetAttributes = {
					58B511DA1A9E6C8500147676 = {
						CreatedOnToolsVersion = 6.1.1;
						LastSwiftMigration = 0900;
					};
				};
			};
			buildConfigurationList = 58B511D61A9E6C8500147676 /* Build configuration list for PBXProject "RNSkyWay" */;
			compatibilityVersion = "Xcode 3.2";
			developmentRegion = English;
			hasScannedForEncodings = 0;
			knownRegions = (
				en,
			);
			mainGroup = 58B511D21A9E6C8500147676;
			productRefGroup = 58B511D21A9E6C8500147676;
			projectDirPath = "";
			projectRoot = "";
			targets = (
				58B511DA1A9E6C8500147676 /* RNSkyWay */,
			);
		};
/* End PBXProject section */

/* Begin PBXSourcesBuildPhase section */
		58B511D71A9E6C8500147676 /* Sources */ = {
			isa = PBXSourcesBuildPhase;
			buildActionMask = 2147483647;
			files = (
				42C727871F7CE7B5009E1C5F /* RNSkyWayLocalVideoManager.m in Sources */,
				4204B2B91F8484D800E92E09 /* RNSkyWayRemoteVideoManager.m in Sources */,
				4204B2941F829C8F00E92E09 /* RNSkyWayPeer.m in Sources */,
				4204B2921F7E75A500E92E09 /* RNSkyWayPeerManager.m in Sources */,
			);
			runOnlyForDeploymentPostprocessing = 0;
		};
/* End PBXSourcesBuildPhase section */

/* Begin XCBuildConfiguration section */
		58B511ED1A9E6C8500147676 /* Debug */ = {
			isa = XCBuildConfiguration;
			buildSettings = {
				ALWAYS_SEARCH_USER_PATHS = NO;
				CLANG_CXX_LANGUAGE_STANDARD = "gnu++0x";
				CLANG_CXX_LIBRARY = "libc++";
				CLANG_ENABLE_MODULES = YES;
				CLANG_ENABLE_OBJC_ARC = YES;
				CLANG_WARN_BOOL_CONVERSION = YES;
				CLANG_WARN_CONSTANT_CONVERSION = YES;
				CLANG_WARN_DIRECT_OBJC_ISA_USAGE = YES_ERROR;
				CLANG_WARN_EMPTY_BODY = YES;
				CLANG_WARN_ENUM_CONVERSION = YES;
				CLANG_WARN_INFINITE_RECURSION = YES;
				CLANG_WARN_INT_CONVERSION = YES;
				CLANG_WARN_OBJC_ROOT_CLASS = YES_ERROR;
				CLANG_WARN_SUSPICIOUS_MOVE = YES;
				CLANG_WARN_UNREACHABLE_CODE = YES;
				CLANG_WARN__DUPLICATE_METHOD_MATCH = YES;
				COPY_PHASE_STRIP = NO;
				ENABLE_STRICT_OBJC_MSGSEND = YES;
				ENABLE_TESTABILITY = YES;
				GCC_C_LANGUAGE_STANDARD = gnu99;
				GCC_DYNAMIC_NO_PIC = NO;
				GCC_NO_COMMON_BLOCKS = YES;
				GCC_OPTIMIZATION_LEVEL = 0;
				GCC_PREPROCESSOR_DEFINITIONS = (
					"DEBUG=1",
					"$(inherited)",
				);
				GCC_SYMBOLS_PRIVATE_EXTERN = NO;
				GCC_WARN_64_TO_32_BIT_CONVERSION = YES;
				GCC_WARN_ABOUT_RETURN_TYPE = YES_ERROR;
				GCC_WARN_UNDECLARED_SELECTOR = YES;
				GCC_WARN_UNINITIALIZED_AUTOS = YES_AGGRESSIVE;
				GCC_WARN_UNUSED_FUNCTION = YES;
				GCC_WARN_UNUSED_VARIABLE = YES;
				IPHONEOS_DEPLOYMENT_TARGET = 8.0;
				MTL_ENABLE_DEBUG_INFO = YES;
				ONLY_ACTIVE_ARCH = YES;
				SDKROOT = iphoneos;
				SWIFT_VERSION = 3.0;
			};
			name = Debug;
		};
		58B511EE1A9E6C8500147676 /* Release */ = {
			isa = XCBuildConfiguration;
			buildSettings = {
				ALWAYS_SEARCH_USER_PATHS = NO;
				CLANG_CXX_LANGUAGE_STANDARD = "gnu++0x";
				CLANG_CXX_LIBRARY = "libc++";
				CLANG_ENABLE_MODULES = YES;
				CLANG_ENABLE_OBJC_ARC = YES;
				CLANG_WARN_BOOL_CONVERSION = YES;
				CLANG_WARN_CONSTANT_CONVERSION = YES;
				CLANG_WARN_DIRECT_OBJC_ISA_USAGE = YES_ERROR;
				CLANG_WARN_EMPTY_BODY = YES;
				CLANG_WARN_ENUM_CONVERSION = YES;
				CLANG_WARN_INFINITE_RECURSION = YES;
				CLANG_WARN_INT_CONVERSION = YES;
				CLANG_WARN_OBJC_ROOT_CLASS = YES_ERROR;
				CLANG_WARN_SUSPICIOUS_MOVE = YES;
				CLANG_WARN_UNREACHABLE_CODE = YES;
				CLANG_WARN__DUPLICATE_METHOD_MATCH = YES;
				COPY_PHASE_STRIP = YES;
				ENABLE_NS_ASSERTIONS = NO;
				ENABLE_STRICT_OBJC_MSGSEND = YES;
				GCC_C_LANGUAGE_STANDARD = gnu99;
				GCC_NO_COMMON_BLOCKS = YES;
				GCC_WARN_64_TO_32_BIT_CONVERSION = YES;
				GCC_WARN_ABOUT_RETURN_TYPE = YES_ERROR;
				GCC_WARN_UNDECLARED_SELECTOR = YES;
				GCC_WARN_UNINITIALIZED_AUTOS = YES_AGGRESSIVE;
				GCC_WARN_UNUSED_FUNCTION = YES;
				GCC_WARN_UNUSED_VARIABLE = YES;
				IPHONEOS_DEPLOYMENT_TARGET = 8.0;
				MTL_ENABLE_DEBUG_INFO = NO;
				SDKROOT = iphoneos;
				SWIFT_VERSION = 3.0;
				VALIDATE_PRODUCT = YES;
			};
			name = Release;
		};
		58B511F01A9E6C8500147676 /* Debug */ = {
			isa = XCBuildConfiguration;
			buildSettings = {
				ALWAYS_EMBED_SWIFT_STANDARD_LIBRARIES = NO;
				CLANG_ENABLE_MODULES = YES;
				FRAMEWORK_SEARCH_PATHS = (
					"$(inherited)",
					"$(PROJECT_DIR)",
				);
				HEADER_SEARCH_PATHS = (
					"$(inherited)",
					/Applications/Xcode.app/Contents/Developer/Toolchains/XcodeDefault.xctoolchain/usr/include,
					"$(SRCROOT)/../../../React/**",
					"$(SRCROOT)/../../react-native/React/**",
					"${SRCROOT}/../../../ios/Pods/Headers/Public/**",
				);
				LD_RUNPATH_SEARCH_PATHS = "$(inherited) @executable_path/Frameworks @loader_path/Frameworks";
				LIBRARY_SEARCH_PATHS = "$(inherited)";
				OTHER_LDFLAGS = "-ObjC";
				PRODUCT_NAME = RNSkyWay;
				SKIP_INSTALL = YES;
				SWIFT_OBJC_BRIDGING_HEADER = "RNSkyWay-Bridging-Header.h";
				SWIFT_OPTIMIZATION_LEVEL = "-Onone";
				SWIFT_SWIFT3_OBJC_INFERENCE = Default;
				SWIFT_VERSION = 3.0;
			};
			name = Debug;
		};
		58B511F11A9E6C8500147676 /* Release */ = {
			isa = XCBuildConfiguration;
			buildSettings = {
				ALWAYS_EMBED_SWIFT_STANDARD_LIBRARIES = NO;
				CLANG_ENABLE_MODULES = YES;
				FRAMEWORK_SEARCH_PATHS = (
					"$(inherited)",
					"$(PROJECT_DIR)",
				);
				HEADER_SEARCH_PATHS = (
					"$(inherited)",
					/Applications/Xcode.app/Contents/Developer/Toolchains/XcodeDefault.xctoolchain/usr/include,
					"$(SRCROOT)/../../../React/**",
					"$(SRCROOT)/../../react-native/React/**",
					"${SRCROOT}/../../../ios/Pods/Headers/Public/**",
				);
				LD_RUNPATH_SEARCH_PATHS = "$(inherited) @executable_path/Frameworks @loader_path/Frameworks";
				LIBRARY_SEARCH_PATHS = "$(inherited)";
				OTHER_LDFLAGS = "-ObjC";
				PRODUCT_NAME = RNSkyWay;
				SKIP_INSTALL = YES;
				SWIFT_OBJC_BRIDGING_HEADER = "RNSkyWay-Bridging-Header.h";
				SWIFT_SWIFT3_OBJC_INFERENCE = Default;
				SWIFT_VERSION = 3.0;
			};
			name = Release;
		};
/* End XCBuildConfiguration section */

/* Begin XCConfigurationList section */
		58B511D61A9E6C8500147676 /* Build configuration list for PBXProject "RNSkyWay" */ = {
			isa = XCConfigurationList;
			buildConfigurations = (
				58B511ED1A9E6C8500147676 /* Debug */,
				58B511EE1A9E6C8500147676 /* Release */,
			);
			defaultConfigurationIsVisible = 0;
			defaultConfigurationName = Release;
		};
		58B511EF1A9E6C8500147676 /* Build configuration list for PBXNativeTarget "RNSkyWay" */ = {
			isa = XCConfigurationList;
			buildConfigurations = (
				58B511F01A9E6C8500147676 /* Debug */,
				58B511F11A9E6C8500147676 /* Release */,
			);
			defaultConfigurationIsVisible = 0;
			defaultConfigurationName = Release;
		};
/* End XCConfigurationList section */
	};
	rootObject = 58B511D31A9E6C8500147676 /* Project object */;
}
